
Microsoft Visual Studio Solution File, Format Version 12.00
# Visual Studio Version 16
VisualStudioVersion = 25.0.1700.0
MinimumVisualStudioVersion = 10.0.40219.1
Project("{FAE04EC0-301F-11D3-BF4B-00C04F79EFBC}") = "er8", "er8.csproj", "{24146A09-1A7E-4987-AD71-97AB378CF1B8}"
EndProject
Global
	GlobalSection(SolutionConfigurationPlatforms) = preSolution
		Debug|Any CPU = Debug|Any CPU
		Release|Any CPU = Release|Any CPU
	EndGlobalSection
	GlobalSection(ProjectConfigurationPlatforms) = postSolution
		{24146A09-1A7E-4987-AD71-97AB378CF1B8}.Debug|Any CPU.ActiveCfg = Debug|Any CPU
		{24146A09-1A7E-4987-AD71-97AB378CF1B8}.Debug|Any CPU.Build.0 = Debug|Any CPU
		{24146A09-1A7E-4987-AD71-97AB378CF1B8}.Release|Any CPU.ActiveCfg = Release|Any CPU
		{24146A09-1A7E-4987-AD71-97AB378CF1B8}.Release|Any CPU.Build.0 = Release|Any CPU
	EndGlobalSection
	GlobalSection(SolutionProperties) = preSolution
		HideSolutionNode = FALSE
	EndGlobalSection
	GlobalSection(ExtensibilityGlobals) = postSolution
		SolutionGuid = {BA4D5E9D-8486-45EE-B95A-928071858FE7}
	EndGlobalSection
EndGlobal
