
Microsoft Visual Studio Solution File, Format Version 12.00
# Visual Studio Version 16
VisualStudioVersion = 25.0.1700.0
MinimumVisualStudioVersion = 10.0.40219.1
Project("{FAE04EC0-301F-11D3-BF4B-00C04F79EFBC}") = "er6", "er6.csproj", "{667BDE22-CC1A-4069-A49C-013756E6E705}"
EndProject
Global
	GlobalSection(SolutionConfigurationPlatforms) = preSolution
		Debug|Any CPU = Debug|Any CPU
		Release|Any CPU = Release|Any CPU
	EndGlobalSection
	GlobalSection(ProjectConfigurationPlatforms) = postSolution
		{667BDE22-CC1A-4069-A49C-013756E6E705}.Debug|Any CPU.ActiveCfg = Debug|Any CPU
		{667BDE22-CC1A-4069-A49C-013756E6E705}.Debug|Any CPU.Build.0 = Debug|Any CPU
		{667BDE22-CC1A-4069-A49C-013756E6E705}.Release|Any CPU.ActiveCfg = Release|Any CPU
		{667BDE22-CC1A-4069-A49C-013756E6E705}.Release|Any CPU.Build.0 = Release|Any CPU
	EndGlobalSection
	GlobalSection(SolutionProperties) = preSolution
		HideSolutionNode = FALSE
	EndGlobalSection
	GlobalSection(ExtensibilityGlobals) = postSolution
		SolutionGuid = {564DCDE1-C38B-46B1-97B5-C6D2DFCBDE9C}
	EndGlobalSection
EndGlobal
